PODS:
  - GPUImage (0.1.7)
  - SDWebImage (5.0.6):
    - SDWebImage/Core (= 5.0.6)
  - SDWebImage/Core (5.0.6)

DEPENDENCIES:
  - GPUImage
  - SDWebImage

SPEC REPOS:
  https://github.com/cocoapods/specs.git:
    - GPUImage
    - SDWebImage

SPEC CHECKSUMS:
  GPUImage: 733a5f0fab92df9de1c37ba9df520a833ccb406d
  SDWebImage: 920f1a2ff1ca8296ad34f6e0510a1ef1d70ac965

PODFILE CHECKSUM: fc069b139bc719158918b11087812c820d40c323

COCOAPODS: 1.6.0
